PODS:
  - Alamofire (3.3.1)
  - Onboard (2.2.0)
  - SwiftyJSON (2.3.2)

DEPENDENCIES:
  - Alamofire (~> 3.0)
  - Onboard
  - SwiftyJSON

SPEC CHECKSUMS:
  Alamofire: 369bc67b6f5ac33ded3648d7bd21c5bfb91c2ecc
  Onboard: c46261255c0bcbe26ab2823782764c96fca7a33e
  SwiftyJSON: 04ccea08915aa0109039157c7974cf0298da292a

PODFILE CHECKSUM: 719f67dc55de5142408d86688de537e74f4388ad

COCOAPODS: 1.0.1
